{
  "name": "better-play-ERNI",
  "lockfileVersion": 3,
  "requires": true,
  "packages": {
    "": {
      "dependencies": {
        "@tailwindplus/elements": "^1.0.17"
      }
    },
    "node_modules/@tailwindplus/elements": {
      "version": "1.0.17",
      "resolved": "https://registry.npmjs.org/@tailwindplus/elements/-/elements-1.0.17.tgz",
      "integrity": "sha512-t44plxXLWqD2Cl3IOcoVzBrmtFl6jkG2QmtrTiJHRh4tRCQwbipn93yvAqhso1+gm6y6zaiKyb3CCQ94K3qy3g==",
      "license": "SEE LICENSE IN LICENSE.md"
    }
  }
}
